
Microsoft Visual Studio Solution File, Format Version 12.00
# Visual Studio Version 16
VisualStudioVersion = 16.0.31729.503
MinimumVisualStudioVersion = 10.0.40219.1
Project("{FAE04EC0-301F-11D3-BF4B-00C04F79EFBC}") = "MenuPlanner.API", "MenuPlanner.API\MenuPlanner.API.csproj", "{F1192E71-B68E-4807-A40C-75B246B308E7}"
EndProject
Global
	GlobalSection(SolutionConfigurationPlatforms) = preSolution
		Debug|Any CPU = Debug|Any CPU
		Release|Any CPU = Release|Any CPU
	EndGlobalSection
	GlobalSection(ProjectConfigurationPlatforms) = postSolution
		{F1192E71-B68E-4807-A40C-75B246B308E7}.Debug|Any CPU.ActiveCfg = Debug|Any CPU
		{F1192E71-B68E-4807-A40C-75B246B308E7}.Debug|Any CPU.Build.0 = Debug|Any CPU
		{F1192E71-B68E-4807-A40C-75B246B308E7}.Release|Any CPU.ActiveCfg = Release|Any CPU
		{F1192E71-B68E-4807-A40C-75B246B308E7}.Release|Any CPU.Build.0 = Release|Any CPU
	EndGlobalSection
	GlobalSection(SolutionProperties) = preSolution
		HideSolutionNode = FALSE
	EndGlobalSection
	GlobalSection(ExtensibilityGlobals) = postSolution
		SolutionGuid = {8EF179D5-2112-44F1-A62F-D725291CB6E5}
	EndGlobalSection
EndGlobal
